
Microsoft Visual Studio Solution File, Format Version 12.00
# Visual Studio Version 17
VisualStudioVersion = 17.12.35506.116
MinimumVisualStudioVersion = 10.0.40219.1
Project("{FAE04EC0-301F-11D3-BF4B-00C04F79EFBC}") = "SampleFileGenerationApp", "SampleFileGenerationApp\SampleFileGenerationApp.csproj", "{B92FB8CB-0A16-4D0A-A344-C5696BA7FDDD}"
EndProject
Project("{FAE04EC0-301F-11D3-BF4B-00C04F79EFBC}") = "SortingToolClass", "SortingToolClass\SortingToolClass.csproj", "{E95C1AB4-D191-4244-81D9-FBB1D83C20AE}"
EndProject
Project("{FAE04EC0-301F-11D3-BF4B-00C04F79EFBC}") = "SortingTool", "SortingTool\SortingTool.csproj", "{B436B986-8A07-41B6-B98A-25ACEB457FCE}"
EndProject
Global
	GlobalSection(SolutionConfigurationPlatforms) = preSolution
		Debug|Any CPU = Debug|Any CPU
		Release|Any CPU = Release|Any CPU
	EndGlobalSection
	GlobalSection(ProjectConfigurationPlatforms) = postSolution
		{B92FB8CB-0A16-4D0A-A344-C5696BA7FDDD}.Debug|Any CPU.ActiveCfg = Debug|Any CPU
		{B92FB8CB-0A16-4D0A-A344-C5696BA7FDDD}.Debug|Any CPU.Build.0 = Debug|Any CPU
		{B92FB8CB-0A16-4D0A-A344-C5696BA7FDDD}.Release|Any CPU.ActiveCfg = Release|Any CPU
		{B92FB8CB-0A16-4D0A-A344-C5696BA7FDDD}.Release|Any CPU.Build.0 = Release|Any CPU
		{E95C1AB4-D191-4244-81D9-FBB1D83C20AE}.Debug|Any CPU.ActiveCfg = Debug|Any CPU
		{E95C1AB4-D191-4244-81D9-FBB1D83C20AE}.Debug|Any CPU.Build.0 = Debug|Any CPU
		{E95C1AB4-D191-4244-81D9-FBB1D83C20AE}.Release|Any CPU.ActiveCfg = Release|Any CPU
		{E95C1AB4-D191-4244-81D9-FBB1D83C20AE}.Release|Any CPU.Build.0 = Release|Any CPU
		{B436B986-8A07-41B6-B98A-25ACEB457FCE}.Debug|Any CPU.ActiveCfg = Debug|Any CPU
		{B436B986-8A07-41B6-B98A-25ACEB457FCE}.Debug|Any CPU.Build.0 = Debug|Any CPU
		{B436B986-8A07-41B6-B98A-25ACEB457FCE}.Release|Any CPU.ActiveCfg = Release|Any CPU
		{B436B986-8A07-41B6-B98A-25ACEB457FCE}.Release|Any CPU.Build.0 = Release|Any CPU
	EndGlobalSection
	GlobalSection(SolutionProperties) = preSolution
		HideSolutionNode = FALSE
	EndGlobalSection
EndGlobal
